
Microsoft Visual Studio Solution File, Format Version 12.00
# Visual Studio Version 17
VisualStudioVersion = 17.13.35806.99
MinimumVisualStudioVersion = 10.0.40219.1
Project("{FAE04EC0-301F-11D3-BF4B-00C04F79EFBC}") = "FamilyBudget.UI", "FamilyBudget\FamilyBudget.UI.csproj", "{FC69F8D4-2952-4D16-86FA-8B423A4323C2}"
EndProject
Project("{FAE04EC0-301F-11D3-BF4B-00C04F79EFBC}") = "FamilyBudget.Infrastructure", "FamilyBudget.Infrastructure\FamilyBudget.Infrastructure.csproj", "{A331BC0B-B2B7-445F-AEC7-0CBCEAC558D8}"
	ProjectSection(ProjectDependencies) = postProject
		{75B34A14-CBF8-4732-A267-BBE5398DA6F5} = {75B34A14-CBF8-4732-A267-BBE5398DA6F5}
	EndProjectSection
EndProject
Project("{FAE04EC0-301F-11D3-BF4B-00C04F79EFBC}") = "FamilyBudget.Domain", "FamilyBudget.Domain\FamilyBudget.Domain.csproj", "{23F890DC-175C-4277-86A1-F7E3203A272C}"
EndProject
Project("{FAE04EC0-301F-11D3-BF4B-00C04F79EFBC}") = "FamilyBudget.Persistence", "FamilyBudget.Persistence\FamilyBudget.Persistence.csproj", "{75B34A14-CBF8-4732-A267-BBE5398DA6F5}"
EndProject
Project("{FAE04EC0-301F-11D3-BF4B-00C04F79EFBC}") = "FamilyBudget.ApplicationCore", "FamilyBudget.ApplicationCore\FamilyBudget.ApplicationCore.csproj", "{72AF7F33-7D30-4D69-BFCA-F86AD5B89AD5}"
EndProject
Global
	GlobalSection(SolutionConfigurationPlatforms) = preSolution
		Debug|Any CPU = Debug|Any CPU
		Release|Any CPU = Release|Any CPU
	EndGlobalSection
	GlobalSection(ProjectConfigurationPlatforms) = postSolution
		{FC69F8D4-2952-4D16-86FA-8B423A4323C2}.Debug|Any CPU.ActiveCfg = Debug|Any CPU
		{FC69F8D4-2952-4D16-86FA-8B423A4323C2}.Debug|Any CPU.Build.0 = Debug|Any CPU
		{FC69F8D4-2952-4D16-86FA-8B423A4323C2}.Release|Any CPU.ActiveCfg = Release|Any CPU
		{FC69F8D4-2952-4D16-86FA-8B423A4323C2}.Release|Any CPU.Build.0 = Release|Any CPU
		{A331BC0B-B2B7-445F-AEC7-0CBCEAC558D8}.Debug|Any CPU.ActiveCfg = Debug|Any CPU
		{A331BC0B-B2B7-445F-AEC7-0CBCEAC558D8}.Debug|Any CPU.Build.0 = Debug|Any CPU
		{A331BC0B-B2B7-445F-AEC7-0CBCEAC558D8}.Release|Any CPU.ActiveCfg = Release|Any CPU
		{A331BC0B-B2B7-445F-AEC7-0CBCEAC558D8}.Release|Any CPU.Build.0 = Release|Any CPU
		{23F890DC-175C-4277-86A1-F7E3203A272C}.Debug|Any CPU.ActiveCfg = Debug|Any CPU
		{23F890DC-175C-4277-86A1-F7E3203A272C}.Debug|Any CPU.Build.0 = Debug|Any CPU
		{23F890DC-175C-4277-86A1-F7E3203A272C}.Release|Any CPU.ActiveCfg = Release|Any CPU
		{23F890DC-175C-4277-86A1-F7E3203A272C}.Release|Any CPU.Build.0 = Release|Any CPU
		{75B34A14-CBF8-4732-A267-BBE5398DA6F5}.Debug|Any CPU.ActiveCfg = Debug|Any CPU
		{75B34A14-CBF8-4732-A267-BBE5398DA6F5}.Debug|Any CPU.Build.0 = Debug|Any CPU
		{75B34A14-CBF8-4732-A267-BBE5398DA6F5}.Release|Any CPU.ActiveCfg = Release|Any CPU
		{75B34A14-CBF8-4732-A267-BBE5398DA6F5}.Release|Any CPU.Build.0 = Release|Any CPU
		{72AF7F33-7D30-4D69-BFCA-F86AD5B89AD5}.Debug|Any CPU.ActiveCfg = Debug|Any CPU
		{72AF7F33-7D30-4D69-BFCA-F86AD5B89AD5}.Debug|Any CPU.Build.0 = Debug|Any CPU
		{72AF7F33-7D30-4D69-BFCA-F86AD5B89AD5}.Release|Any CPU.ActiveCfg = Release|Any CPU
		{72AF7F33-7D30-4D69-BFCA-F86AD5B89AD5}.Release|Any CPU.Build.0 = Release|Any CPU
	EndGlobalSection
	GlobalSection(SolutionProperties) = preSolution
		HideSolutionNode = FALSE
	EndGlobalSection
	GlobalSection(ExtensibilityGlobals) = postSolution
		SolutionGuid = {B60BCF6A-645E-44EB-8940-7EEB626F83A2}
	EndGlobalSection
EndGlobal
